
Microsoft Visual Studio Solution File, Format Version 12.00
# Visual Studio Version 17
VisualStudioVersion = 17.0.31903.59
MinimumVisualStudioVersion = 10.0.40219.1
Project("{FAE04EC0-301F-11D3-BF4B-00C04F79EFBC}") = "Cfs.Contracts", "contracts\Cfs.Contracts.csproj", "{22283825-A00B-48BE-8B87-744F6E04816F}"
EndProject
Project("{FAE04EC0-301F-11D3-BF4B-00C04F79EFBC}") = "Cfs.Bff", "bff\Cfs.Bff.csproj", "{554607C3-CAFD-4241-BCF7-4A7E52E10A6C}"
EndProject
Project("{FAE04EC0-301F-11D3-BF4B-00C04F79EFBC}") = "Cfs.Frontend", "app\Cfs.Frontend.csproj", "{B07B05FE-D6FA-4F4C-896A-9EE819949AC0}"
EndProject
Global
	GlobalSection(SolutionConfigurationPlatforms) = preSolution
		Debug|Any CPU = Debug|Any CPU
		Debug|x64 = Debug|x64
		Debug|x86 = Debug|x86
		Release|Any CPU = Release|Any CPU
		Release|x64 = Release|x64
		Release|x86 = Release|x86
	EndGlobalSection
	GlobalSection(ProjectConfigurationPlatforms) = postSolution
		{22283825-A00B-48BE-8B87-744F6E04816F}.Debug|Any CPU.ActiveCfg = Debug|Any CPU
		{22283825-A00B-48BE-8B87-744F6E04816F}.Debug|Any CPU.Build.0 = Debug|Any CPU
		{22283825-A00B-48BE-8B87-744F6E04816F}.Debug|x64.ActiveCfg = Debug|Any CPU
		{22283825-A00B-48BE-8B87-744F6E04816F}.Debug|x64.Build.0 = Debug|Any CPU
		{22283825-A00B-48BE-8B87-744F6E04816F}.Debug|x86.ActiveCfg = Debug|Any CPU
		{22283825-A00B-48BE-8B87-744F6E04816F}.Debug|x86.Build.0 = Debug|Any CPU
		{22283825-A00B-48BE-8B87-744F6E04816F}.Release|Any CPU.ActiveCfg = Release|Any CPU
		{22283825-A00B-48BE-8B87-744F6E04816F}.Release|Any CPU.Build.0 = Release|Any CPU
		{22283825-A00B-48BE-8B87-744F6E04816F}.Release|x64.ActiveCfg = Release|Any CPU
		{22283825-A00B-48BE-8B87-744F6E04816F}.Release|x64.Build.0 = Release|Any CPU
		{22283825-A00B-48BE-8B87-744F6E04816F}.Release|x86.ActiveCfg = Release|Any CPU
		{22283825-A00B-48BE-8B87-744F6E04816F}.Release|x86.Build.0 = Release|Any CPU
		{554607C3-CAFD-4241-BCF7-4A7E52E10A6C}.Debug|Any CPU.ActiveCfg = Debug|Any CPU
		{554607C3-CAFD-4241-BCF7-4A7E52E10A6C}.Debug|Any CPU.Build.0 = Debug|Any CPU
		{554607C3-CAFD-4241-BCF7-4A7E52E10A6C}.Debug|x64.ActiveCfg = Debug|Any CPU
		{554607C3-CAFD-4241-BCF7-4A7E52E10A6C}.Debug|x64.Build.0 = Debug|Any CPU
		{554607C3-CAFD-4241-BCF7-4A7E52E10A6C}.Debug|x86.ActiveCfg = Debug|Any CPU
		{554607C3-CAFD-4241-BCF7-4A7E52E10A6C}.Debug|x86.Build.0 = Debug|Any CPU
		{554607C3-CAFD-4241-BCF7-4A7E52E10A6C}.Release|Any CPU.ActiveCfg = Release|Any CPU
		{554607C3-CAFD-4241-BCF7-4A7E52E10A6C}.Release|Any CPU.Build.0 = Release|Any CPU
		{554607C3-CAFD-4241-BCF7-4A7E52E10A6C}.Release|x64.ActiveCfg = Release|Any CPU
		{554607C3-CAFD-4241-BCF7-4A7E52E10A6C}.Release|x64.Build.0 = Release|Any CPU
		{554607C3-CAFD-4241-BCF7-4A7E52E10A6C}.Release|x86.ActiveCfg = Release|Any CPU
		{554607C3-CAFD-4241-BCF7-4A7E52E10A6C}.Release|x86.Build.0 = Release|Any CPU
		{B07B05FE-D6FA-4F4C-896A-9EE819949AC0}.Debug|Any CPU.ActiveCfg = Debug|Any CPU
		{B07B05FE-D6FA-4F4C-896A-9EE819949AC0}.Debug|Any CPU.Build.0 = Debug|Any CPU
		{B07B05FE-D6FA-4F4C-896A-9EE819949AC0}.Debug|x64.ActiveCfg = Debug|Any CPU
		{B07B05FE-D6FA-4F4C-896A-9EE819949AC0}.Debug|x64.Build.0 = Debug|Any CPU
		{B07B05FE-D6FA-4F4C-896A-9EE819949AC0}.Debug|x86.ActiveCfg = Debug|Any CPU
		{B07B05FE-D6FA-4F4C-896A-9EE819949AC0}.Debug|x86.Build.0 = Debug|Any CPU
		{B07B05FE-D6FA-4F4C-896A-9EE819949AC0}.Release|Any CPU.ActiveCfg = Release|Any CPU
		{B07B05FE-D6FA-4F4C-896A-9EE819949AC0}.Release|Any CPU.Build.0 = Release|Any CPU
		{B07B05FE-D6FA-4F4C-896A-9EE819949AC0}.Release|x64.ActiveCfg = Release|Any CPU
		{B07B05FE-D6FA-4F4C-896A-9EE819949AC0}.Release|x64.Build.0 = Release|Any CPU
		{B07B05FE-D6FA-4F4C-896A-9EE819949AC0}.Release|x86.ActiveCfg = Release|Any CPU
		{B07B05FE-D6FA-4F4C-896A-9EE819949AC0}.Release|x86.Build.0 = Release|Any CPU
	EndGlobalSection
	GlobalSection(SolutionProperties) = preSolution
		HideSolutionNode = FALSE
	EndGlobalSection
EndGlobal
